
Microsoft Visual Studio Solution File, Format Version 12.00
# Visual Studio 15
VisualStudioVersion = 15.0.28307.438
MinimumVisualStudioVersion = 10.0.40219.1
Project("{FAE04EC0-301F-11D3-BF4B-00C04F79EFBC}") = "MVC_ViewToPDF", "MVC_ViewToPDF\MVC_ViewToPDF.csproj", "{30375EDD-9374-466E-ADA1-A6BAC067F8BD}"
EndProject
Global
	GlobalSection(SolutionConfigurationPlatforms) = preSolution
		Debug|Any CPU = Debug|Any CPU
		Release|Any CPU = Release|Any CPU
	EndGlobalSection
	GlobalSection(ProjectConfigurationPlatforms) = postSolution
		{30375EDD-9374-466E-ADA1-A6BAC067F8BD}.Debug|Any CPU.ActiveCfg = Debug|Any CPU
		{30375EDD-9374-466E-ADA1-A6BAC067F8BD}.Debug|Any CPU.Build.0 = Debug|Any CPU
		{30375EDD-9374-466E-ADA1-A6BAC067F8BD}.Release|Any CPU.ActiveCfg = Release|Any CPU
		{30375EDD-9374-466E-ADA1-A6BAC067F8BD}.Release|Any CPU.Build.0 = Release|Any CPU
	EndGlobalSection
	GlobalSection(SolutionProperties) = preSolution
		HideSolutionNode = FALSE
	EndGlobalSection
	GlobalSection(ExtensibilityGlobals) = postSolution
		SolutionGuid = {0D1E7283-3EEB-47FF-9AB0-BD63E083A9D9}
	EndGlobalSection
EndGlobal
